
Microsoft Visual Studio Solution File, Format Version 12.00
# Visual Studio Version 17
VisualStudioVersion = 17.1.32414.318
MinimumVisualStudioVersion = 10.0.40219.1
Project("{9A19103F-16F7-4668-BE54-9A1E7A4F7556}") = "ConsoleApp10.5.2", "ConsoleApp10.5.2.csproj", "{88BEB6D5-F532-4C8B-AECA-BB6FD4D64B53}"
EndProject
Project("{9A19103F-16F7-4668-BE54-9A1E7A4F7556}") = "ConsoleApp10.5.1", "..\ConsoleApp10.5.1\ConsoleApp10.5.1.csproj", "{985BC9F1-304C-4B93-9B21-97A4C16AD50D}"
EndProject
Project("{2150E333-8FDC-42A3-9474-1A3956D46DE8}") = "Task1", "Task1", "{02346B59-ED1E-4729-B695-0ABC07E4B1CB}"
EndProject
Global
	GlobalSection(SolutionConfigurationPlatforms) = preSolution
		Debug|Any CPU = Debug|Any CPU
		Release|Any CPU = Release|Any CPU
	EndGlobalSection
	GlobalSection(ProjectConfigurationPlatforms) = postSolution
		{88BEB6D5-F532-4C8B-AECA-BB6FD4D64B53}.Debug|Any CPU.ActiveCfg = Debug|Any CPU
		{88BEB6D5-F532-4C8B-AECA-BB6FD4D64B53}.Debug|Any CPU.Build.0 = Debug|Any CPU
		{88BEB6D5-F532-4C8B-AECA-BB6FD4D64B53}.Release|Any CPU.ActiveCfg = Release|Any CPU
		{88BEB6D5-F532-4C8B-AECA-BB6FD4D64B53}.Release|Any CPU.Build.0 = Release|Any CPU
		{985BC9F1-304C-4B93-9B21-97A4C16AD50D}.Debug|Any CPU.ActiveCfg = Debug|Any CPU
		{985BC9F1-304C-4B93-9B21-97A4C16AD50D}.Debug|Any CPU.Build.0 = Debug|Any CPU
		{985BC9F1-304C-4B93-9B21-97A4C16AD50D}.Release|Any CPU.ActiveCfg = Release|Any CPU
		{985BC9F1-304C-4B93-9B21-97A4C16AD50D}.Release|Any CPU.Build.0 = Release|Any CPU
	EndGlobalSection
	GlobalSection(SolutionProperties) = preSolution
		HideSolutionNode = FALSE
	EndGlobalSection
	GlobalSection(NestedProjects) = preSolution
		{985BC9F1-304C-4B93-9B21-97A4C16AD50D} = {02346B59-ED1E-4729-B695-0ABC07E4B1CB}
	EndGlobalSection
	GlobalSection(ExtensibilityGlobals) = postSolution
		SolutionGuid = {54CAED72-1544-47E6-BE74-02814AB9F61F}
	EndGlobalSection
EndGlobal
